// !$*UTF8*$!
{
	archiveVersion = 1;
	classes = {
	};
	objectVersion = 46;
	objects = {

/* Begin PBXBuildFile section */
		3F78E3221B0BA037003768ED /* MyScrollView.m in Sources */ = {isa = PBXBuildFile; fileRef = 3F78E3211B0BA037003768ED /* MyScrollView.m */; };
		3FACECE11B0B9A39006CAB32 /* main.m in Sources */ = {isa = PBXBuildFile; fileRef = 3FACECE01B0B9A39006CAB32 /* main.m */; };
		3FACECE41B0B9A39006CAB32 /* AppDelegate.m in Sources */ = {isa = PBXBuildFile; fileRef = 3FACECE31B0B9A39006CAB32 /* AppDelegate.m */; };
		3FACECE71B0B9A39006CAB32 /* ViewController.m in Sources */ = {isa = PBXBuildFile; fileRef = 3FACECE61B0B9A39006CAB32 /* ViewController.m */; };
		3FACECEA1B0B9A39006CAB32 /* Main.storyboard in Resources */ = {isa = PBXBuildFile; fileRef = 3FACECE81B0B9A39006CAB32 /* Main.storyboard */; };
		3FACECEC1B0B9A39006CAB32 /* Images.xcassets in Resources */ = {isa = PBXBuildFile; fileRef = 3FACECEB1B0B9A39006CAB32 /* Images.xcassets */; };
		3FACECEF1B0B9A39006CAB32 /* LaunchScreen.xib in Resources */ = {isa = PBXBuildFile; fileRef = 3FACECED1B0B9A39006CAB32 /* LaunchScreen.xib */; };
		3FACECFB1B0B9A39006CAB32 /* MyScrollViewTests.m in Sources */ = {isa = PBXBuildFile; fileRef = 3FACECFA1B0B9A39006CAB32 /* MyScrollViewTests.m */; };
/* End PBXBuildFile section */

/* Begin PBXContainerItemProxy section */
		3FACECF51B0B9A39006CAB32 /* PBXContainerItemProxy */ = {
			isa = PBXContainerItemProxy;
			containerPortal = 3FACECD31B0B9A39006CAB32 /* Project object */;
			proxyType = 1;
			remoteGlobalIDString = 3FACECDA1B0B9A39006CAB32;
			remoteInfo = MyScrollView;
		};
/* End PBXContainerItemProxy section */

/* Begin PBXFileReference section */
		3F78E3201B0BA037003768ED /* MyScrollView.h */ = {isa = PBXFileReference; fileEncoding = 4; lastKnownFileType = sourcecode.c.h; path = MyScrollView.h; sourceTree = "<group>"; };
		3F78E3211B0BA037003768ED /* MyScrollView.m */ = {isa = PBXFileReference; fileEncoding = 4; lastKnownFileType = sourcecode.c.objc; path = MyScrollView.m; sourceTree = "<group>"; };
		3FACECDB1B0B9A39006CAB32 /* MyScrollView.app */ = {isa = PBXFileReference; explicitFileType = wrapper.application; includeInIndex = 0; path = MyScrollView.app; sourceTree = BUILT_PRODUCTS_DIR; };
		3FACECDF1B0B9A39006CAB32 /* Info.plist */ = {isa = PBXFileReference; lastKnownFileType = text.plist.xml; path = Info.plist; sourceTree = "<group>"; };
		3FACECE01B0B9A39006CAB32 /* main.m */ = {isa = PBXFileReference; lastKnownFileType = sourcecode.c.objc; path = main.m; sourceTree = "<group>"; };
		3FACECE21B0B9A39006CAB32 /* AppDelegate.h */ = {isa = PBXFileReference; lastKnownFileType = sourcecode.c.h; path = AppDelegate.h; sourceTree = "<group>"; };
		3FACECE31B0B9A39006CAB32 /* AppDelegate.m */ = {isa = PBXFileReference; lastKnownFileType = sourcecode.c.objc; path = AppDelegate.m; sourceTree = "<group>"; };
		3FACECE51B0B9A39006CAB32 /* ViewController.h */ = {isa = PBXFileReference; lastKnownFileType = sourcecode.c.h; path = ViewController.h; sourceTree = "<group>"; };
		3FACECE61B0B9A39006CAB32 /* ViewController.m */ = {isa = PBXFileReference; lastKnownFileType = sourcecode.c.objc; path = ViewController.m; sourceTree = "<group>"; };
		3FACECE91B0B9A39006CAB32 /* Base */ = {isa = PBXFileReference; lastKnownFileType = file.storyboard; name = Base; path = Base.lproj/Main.storyboard; sourceTree = "<group>"; };
		3FACECEB1B0B9A39006CAB32 /* Images.xcassets */ = {isa = PBXFileReference; lastKnownFileType = folder.assetcatalog; path = Images.xcassets; sourceTree = "<group>"; };
		3FACECEE1B0B9A39006CAB32 /* Base */ = {isa = PBXFileReference; lastKnownFileType = file.xib; name = Base; path = Base.lproj/LaunchScreen.xib; sourceTree = "<group>"; };
		3FACECF41B0B9A39006CAB32 /* MyScrollViewTests.xctest */ = {isa = PBXFileReference; explicitFileType = wrapper.cfbundle; includeInIndex = 0; path = MyScrollViewTests.xctest; sourceTree = BUILT_PRODUCTS_DIR; };
		3FACECF91B0B9A39006CAB32 /* Info.plist */ = {isa = PBXFileReference; lastKnownFileType = text.plist.xml; path = Info.plist; sourceTree = "<group>"; };
		3FACECFA1B0B9A39006CAB32 /* MyScrollViewTests.m */ = {isa = PBXFileReference; lastKnownFileType = sourcecode.c.objc; path = MyScrollViewTests.m; sourceTree = "<group>"; };
/* End PBXFileReference section */

/* Begin PBXFrameworksBuildPhase section */
		3FACECD81B0B9A39006CAB32 /* Frameworks */ = {
			isa = PBXFrameworksBuildPhase;
			buildActionMask = 2147483647;
			files = (
			);
			runOnlyForDeploymentPostprocessing = 0;
		};
		3FACECF11B0B9A39006CAB32 /* Frameworks */ = {
			isa = PBXFrameworksBuildPhase;
			buildActionMask = 2147483647;
			files = (
			);
			runOnlyForDeploymentPostprocessing = 0;
		};
/* End PBXFrameworksBuildPhase section */

/* Begin PBXGroup section */
		3FACECD21B0B9A39006CAB32 = {
			isa = PBXGroup;
			children = (
				3FACECDD1B0B9A39006CAB32 /* MyScrollView */,
				3FACECF71B0B9A39006CAB32 /* MyScrollViewTests */,
				3FACECDC1B0B9A39006CAB32 /* Products */,
			);
			sourceTree = "<group>";
		};
		3FACECDC1B0B9A39006CAB32 /* Products */ = {
			isa = PBXGroup;
			children = (
				3FACECDB1B0B9A39006CAB32 /* MyScrollView.app */,
				3FACECF41B0B9A39006CAB32 /* MyScrollViewTests.xctest */,
			);
			name = Products;
			sourceTree = "<group>";
		};
		3FACECDD1B0B9A39006CAB32 /* MyScrollView */ = {
			isa = PBXGroup;
			children = (
				3FACECE21B0B9A39006CAB32 /* AppDelegate.h */,
				3FACECE31B0B9A39006CAB32 /* AppDelegate.m */,
				3FACECE51B0B9A39006CAB32 /* ViewController.h */,
				3FACECE61B0B9A39006CAB32 /* ViewController.m */,
				3F78E3201B0BA037003768ED /* MyScrollView.h */,
				3F78E3211B0BA037003768ED /* MyScrollView.m */,
				3FACECE81B0B9A39006CAB32 /* Main.storyboard */,
				3FACECEB1B0B9A39006CAB32 /* Images.xcassets */,
				3FACECED1B0B9A39006CAB32 /* LaunchScreen.xib */,
				3FACECDE1B0B9A39006CAB32 /* Supporting Files */,
			);
			path = MyScrollView;
			sourceTree = "<group>";
		};
		3FACECDE1B0B9A39006CAB32 /* Supporting Files */ = {
			isa = PBXGroup;
			children = (
				3FACECDF1B0B9A39006CAB32 /* Info.plist */,
				3FACECE01B0B9A39006CAB32 /* main.m */,
			);
			name = "Supporting Files";
			sourceTree = "<group>";
		};
		3FACECF71B0B9A39006CAB32 /* MyScrollViewTests */ = {
			isa = PBXGroup;
			children = (
				3FACECFA1B0B9A39006CAB32 /* MyScrollViewTests.m */,
				3FACECF81B0B9A39006CAB32 /* Supporting Files */,
			);
			path = MyScrollViewTests;
			sourceTree = "<group>";
		};
		3FACECF81B0B9A39006CAB32 /* Supporting Files */ = {
			isa = PBXGroup;
			children = (
				3FACECF91B0B9A39006CAB32 /* Info.plist */,
			);
			name = "Supporting Files";
			sourceTree = "<group>";
		};
/* End PBXGroup section */

/* Begin PBXNativeTarget section */
		3FACECDA1B0B9A39006CAB32 /* MyScrollView */ = {
			isa = PBXNativeTarget;
			buildConfigurationList = 3FACECFE1B0B9A39006CAB32 /* Build configuration list for PBXNativeTarget "MyScrollView" */;
			buildPhases = (
				3FACECD71B0B9A39006CAB32 /* Sources */,
				3FACECD81B0B9A39006CAB32 /* Frameworks */,
				3FACECD91B0B9A39006CAB32 /* Resources */,
			);
			buildRules = (
			);
			dependencies = (
			);
			name = MyScrollView;
			productName = MyScrollView;
			productReference = 3FACECDB1B0B9A39006CAB32 /* MyScrollView.app */;
			productType = "com.apple.product-type.application";
		};
		3FACECF31B0B9A39006CAB32 /* MyScrollViewTests */ = {
			isa = PBXNativeTarget;
			buildConfigurationList = 3FACED011B0B9A39006CAB32 /* Build configuration list for PBXNativeTarget "MyScrollViewTests" */;
			buildPhases = (
				3FACECF01B0B9A39006CAB32 /* Sources */,
				3FACECF11B0B9A39006CAB32 /* Frameworks */,
				3FACECF21B0B9A39006CAB32 /* Resources */,
			);
			buildRules = (
			);
			dependencies = (
				3FACECF61B0B9A39006CAB32 /* PBXTargetDependency */,
			);
			name = MyScrollViewTests;
			productName = MyScrollViewTests;
			productReference = 3FACECF41B0B9A39006CAB32 /* MyScrollViewTests.xctest */;
			productType = "com.apple.product-type.bundle.unit-test";
		};
/* End PBXNativeTarget section */

/* Begin PBXProject section */
		3FACECD31B0B9A39006CAB32 /* Project object */ = {
			isa = PBXProject;
			attributes = {
				LastUpgradeCheck = 0630;
				ORGANIZATIONNAME = "Jeremy Petter";
				TargetAttributes = {
					3FACECDA1B0B9A39006CAB32 = {
						CreatedOnToolsVersion = 6.3.1;
					};
					3FACECF31B0B9A39006CAB32 = {
						CreatedOnToolsVersion = 6.3.1;
						TestTargetID = 3FACECDA1B0B9A39006CAB32;
					};
				};
			};
			buildConfigurationList = 3FACECD61B0B9A39006CAB32 /* Build configuration list for PBXProject "MyScrollView" */;
			compatibilityVersion = "Xcode 3.2";
			developmentRegion = English;
			hasScannedForEncodings = 0;
			knownRegions = (
				en,
				Base,
			);
			mainGroup = 3FACECD21B0B9A39006CAB32;
			productRefGroup = 3FACECDC1B0B9A39006CAB32 /* Products */;
			projectDirPath = "";
			projectRoot = "";
			targets = (
				3FACECDA1B0B9A39006CAB32 /* MyScrollView */,
				3FACECF31B0B9A39006CAB32 /* MyScrollViewTests */,
			);
		};
/* End PBXProject section */

/* Begin PBXResourcesBuildPhase section */
		3FACECD91B0B9A39006CAB32 /* Resources */ = {
			isa = PBXResourcesBuildPhase;
			buildActionMask = 2147483647;
			files = (
				3FACECEA1B0B9A39006CAB32 /* Main.storyboard in Resources */,
				3FACECEF1B0B9A39006CAB32 /* LaunchScreen.xib in Resources */,
				3FACECEC1B0B9A39006CAB32 /* Images.xcassets in Resources */,
			);
			runOnlyForDeploymentPostprocessing = 0;
		};
		3FACECF21B0B9A39006CAB32 /* Resources */ = {
			isa = PBXResourcesBuildPhase;
			buildActionMask = 2147483647;
			files = (
			);
			runOnlyForDeploymentPostprocessing = 0;
		};
/* End PBXResourcesBuildPhase section */

/* Begin PBXSourcesBuildPhase section */
		3FACECD71B0B9A39006CAB32 /* Sources */ = {
			isa = PBXSourcesBuildPhase;
			buildActionMask = 2147483647;
			files = (
				3FACECE71B0B9A39006CAB32 /* ViewController.m in Sources */,
				3F78E3221B0BA037003768ED /* MyScrollView.m in Sources */,
				3FACECE41B0B9A39006CAB32 /* AppDelegate.m in Sources */,
				3FACECE11B0B9A39006CAB32 /* main.m in Sources */,
			);
			runOnlyForDeploymentPostprocessing = 0;
		};
		3FACECF01B0B9A39006CAB32 /* Sources */ = {
			isa = PBXSourcesBuildPhase;
			buildActionMask = 2147483647;
			files = (
				3FACECFB1B0B9A39006CAB32 /* MyScrollViewTests.m in Sources */,
			);
			runOnlyForDeploymentPostprocessing = 0;
		};
/* End PBXSourcesBuildPhase section */

/* Begin PBXTargetDependency section */
		3FACECF61B0B9A39006CAB32 /* PBXTargetDependency */ = {
			isa = PBXTargetDependency;
			target = 3FACECDA1B0B9A39006CAB32 /* MyScrollView */;
			targetProxy = 3FACECF51B0B9A39006CAB32 /* PBXContainerItemProxy */;
		};
/* End PBXTargetDependency section */

/* Begin PBXVariantGroup section */
		3FACECE81B0B9A39006CAB32 /* Main.storyboard */ = {
			isa = PBXVariantGroup;
			children = (
				3FACECE91B0B9A39006CAB32 /* Base */,
			);
			name = Main.storyboard;
			sourceTree = "<group>";
		};
		3FACECED1B0B9A39006CAB32 /* LaunchScreen.xib */ = {
			isa = PBXVariantGroup;
			children = (
				3FACECEE1B0B9A39006CAB32 /* Base */,
			);
			name = LaunchScreen.xib;
			sourceTree = "<group>";
		};
/* End PBXVariantGroup section */

/* Begin XCBuildConfiguration section */
		3FACECFC1B0B9A39006CAB32 /* Debug */ = {
			isa = XCBuildConfiguration;
			buildSettings = {
				ALWAYS_SEARCH_USER_PATHS = NO;
				CLANG_CXX_LANGUAGE_STANDARD = "gnu++0x";
				CLANG_CXX_LIBRARY = "libc++";
				CLANG_ENABLE_MODULES = YES;
				CLANG_ENABLE_OBJC_ARC = YES;
				CLANG_WARN_BOOL_CONVERSION = YES;
				CLANG_WARN_CONSTANT_CONVERSION = YES;
				CLANG_WARN_DIRECT_OBJC_ISA_USAGE = YES_ERROR;
				CLANG_WARN_EMPTY_BODY = YES;
				CLANG_WARN_ENUM_CONVERSION = YES;
				CLANG_WARN_INT_CONVERSION = YES;
				CLANG_WARN_OBJC_ROOT_CLASS = YES_ERROR;
				CLANG_WARN_UNREACHABLE_CODE = YES;
				CLANG_WARN__DUPLICATE_METHOD_MATCH = YES;
				"CODE_SIGN_IDENTITY[sdk=iphoneos*]" = "iPhone Developer";
				COPY_PHASE_STRIP = NO;
				DEBUG_INFORMATION_FORMAT = "dwarf-with-dsym";
				ENABLE_STRICT_OBJC_MSGSEND = YES;
				GCC_C_LANGUAGE_STANDARD = gnu99;
				GCC_DYNAMIC_NO_PIC = NO;
				GCC_NO_COMMON_BLOCKS = YES;
				GCC_OPTIMIZATION_LEVEL = 0;
				GCC_PREPROCESSOR_DEFINITIONS = (
					"DEBUG=1",
					"$(inherited)",
				);
				GCC_SYMBOLS_PRIVATE_EXTERN = NO;
				GCC_WARN_64_TO_32_BIT_CONVERSION = YES;
				GCC_WARN_ABOUT_RETURN_TYPE = YES_ERROR;
				GCC_WARN_UNDECLARED_SELECTOR = YES;
				GCC_WARN_UNINITIALIZED_AUTOS = YES_AGGRESSIVE;
				GCC_WARN_UNUSED_FUNCTION = YES;
				GCC_WARN_UNUSED_VARIABLE = YES;
				IPHONEOS_DEPLOYMENT_TARGET = 8.3;
				MTL_ENABLE_DEBUG_INFO = YES;
				ONLY_ACTIVE_ARCH = YES;
				SDKROOT = iphoneos;
				TARGETED_DEVICE_FAMILY = "1,2";
			};
			name = Debug;
		};
		3FACECFD1B0B9A39006CAB32 /* Release */ = {
			isa = XCBuildConfiguration;
			buildSettings = {
				ALWAYS_SEARCH_USER_PATHS = NO;
				CLANG_CXX_LANGUAGE_STANDARD = "gnu++0x";
				CLANG_CXX_LIBRARY = "libc++";
				CLANG_ENABLE_MODULES = YES;
				CLANG_ENABLE_OBJC_ARC = YES;
				CLANG_WARN_BOOL_CONVERSION = YES;
				CLANG_WARN_CONSTANT_CONVERSION = YES;
				CLANG_WARN_DIRECT_OBJC_ISA_USAGE = YES_ERROR;
				CLANG_WARN_EMPTY_BODY = YES;
				CLANG_WARN_ENUM_CONVERSION = YES;
				CLANG_WARN_INT_CONVERSION = YES;
				CLANG_WARN_OBJC_ROOT_CLASS = YES_ERROR;
				CLANG_WARN_UNREACHABLE_CODE = YES;
				CLANG_WARN__DUPLICATE_METHOD_MATCH = YES;
				"CODE_SIGN_IDENTITY[sdk=iphoneos*]" = "iPhone Developer";
				COPY_PHASE_STRIP = NO;
				DEBUG_INFORMATION_FORMAT = "dwarf-with-dsym";
				ENABLE_NS_ASSERTIONS = NO;
				ENABLE_STRICT_OBJC_MSGSEND = YES;
				GCC_C_LANGUAGE_STANDARD = gnu99;
				GCC_NO_COMMON_BLOCKS = YES;
				GCC_WARN_64_TO_32_BIT_CONVERSION = YES;
				GCC_WARN_ABOUT_RETURN_TYPE = YES_ERROR;
				GCC_WARN_UNDECLARED_SELECTOR = YES;
				GCC_WARN_UNINITIALIZED_AUTOS = YES_AGGRESSIVE;
				GCC_WARN_UNUSED_FUNCTION = YES;
				GCC_WARN_UNUSED_VARIABLE = YES;
				IPHONEOS_DEPLOYMENT_TARGET = 8.3;
				MTL_ENABLE_DEBUG_INFO = NO;
				SDKROOT = iphoneos;
				TARGETED_DEVICE_FAMILY = "1,2";
				VALIDATE_PRODUCT = YES;
			};
			name = Release;
		};
		3FACECFF1B0B9A39006CAB32 /* Debug */ = {
			isa = XCBuildConfiguration;
			buildSettings = {
				ASSETCATALOG_COMPILER_APPICON_NAME = AppIcon;
				INFOPLIST_FILE = MyScrollView/Info.plist;
				LD_RUNPATH_SEARCH_PATHS = "$(inherited) @executable_path/Frameworks";
				PRODUCT_NAME = "$(TARGET_NAME)";
			};
			name = Debug;
		};
		3FACED001B0B9A39006CAB32 /* Release */ = {
			isa = XCBuildConfiguration;
			buildSettings = {
				ASSETCATALOG_COMPILER_APPICON_NAME = AppIcon;
				INFOPLIST_FILE = MyScrollView/Info.plist;
				LD_RUNPATH_SEARCH_PATHS = "$(inherited) @executable_path/Frameworks";
				PRODUCT_NAME = "$(TARGET_NAME)";
			};
			name = Release;
		};
		3FACED021B0B9A39006CAB32 /* Debug */ = {
			isa = XCBuildConfiguration;
			buildSettings = {
				BUNDLE_LOADER = "$(TEST_HOST)";
				FRAMEWORK_SEARCH_PATHS = (
					"$(SDKROOT)/Developer/Library/Frameworks",
					"$(inherited)",
				);
				GCC_PREPROCESSOR_DEFINITIONS = (
					"DEBUG=1",
					"$(inherited)",
				);
				INFOPLIST_FILE = MyScrollViewTests/Info.plist;
				LD_RUNPATH_SEARCH_PATHS = "$(inherited) @executable_path/Frameworks @loader_path/Frameworks";
				PRODUCT_NAME = "$(TARGET_NAME)";
				TEST_HOST = "$(BUILT_PRODUCTS_DIR)/MyScrollView.app/MyScrollView";
			};
			name = Debug;
		};
		3FACED031B0B9A39006CAB32 /* Release */ = {
			isa = XCBuildConfiguration;
			buildSettings = {
				BUNDLE_LOADER = "$(TEST_HOST)";
				FRAMEWORK_SEARCH_PATHS = (
					"$(SDKROOT)/Developer/Library/Frameworks",
					"$(inherited)",
				);
				INFOPLIST_FILE = MyScrollViewTests/Info.plist;
				LD_RUNPATH_SEARCH_PATHS = "$(inherited) @executable_path/Frameworks @loader_path/Frameworks";
				PRODUCT_NAME = "$(TARGET_NAME)";
				TEST_HOST = "$(BUILT_PRODUCTS_DIR)/MyScrollView.app/MyScrollView";
			};
			name = Release;
		};
/* End XCBuildConfiguration section */

/* Begin XCConfigurationList section */
		3FACECD61B0B9A39006CAB32 /* Build configuration list for PBXProject "MyScrollView" */ = {
			isa = XCConfigurationList;
			buildConfigurations = (
				3FACECFC1B0B9A39006CAB32 /* Debug */,
				3FACECFD1B0B9A39006CAB32 /* Release */,
			);
			defaultConfigurationIsVisible = 0;
			defaultConfigurationName = Release;
		};
		3FACECFE1B0B9A39006CAB32 /* Build configuration list for PBXNativeTarget "MyScrollView" */ = {
			isa = XCConfigurationList;
			buildConfigurations = (
				3FACECFF1B0B9A39006CAB32 /* Debug */,
				3FACED001B0B9A39006CAB32 /* Release */,
			);
			defaultConfigurationIsVisible = 0;
			defaultConfigurationName = Release;
		};
		3FACED011B0B9A39006CAB32 /* Build configuration list for PBXNativeTarget "MyScrollViewTests" */ = {
			isa = XCConfigurationList;
			buildConfigurations = (
				3FACED021B0B9A39006CAB32 /* Debug */,
				3FACED031B0B9A39006CAB32 /* Release */,
			);
			defaultConfigurationIsVisible = 0;
			defaultConfigurationName = Release;
		};
/* End XCConfigurationList section */
	};
	rootObject = 3FACECD31B0B9A39006CAB32 /* Project object */;
}
